
Microsoft Visual Studio Solution File, Format Version 12.00
# Visual Studio Version 17
VisualStudioVersion = 17.2.32616.157
MinimumVisualStudioVersion = 10.0.40219.1
Project("{9A19103F-16F7-4668-BE54-9A1E7A4F7556}") = "athena-service", "athena-service\athena-service.csproj", "{98581FAB-DC0A-4545-9BF5-83C7687493A4}"
EndProject
Project("{FAE04EC0-301F-11D3-BF4B-00C04F79EFBC}") = "UnitTests", "UnitTests\UnitTests.csproj", "{B908468E-1116-41DF-9AAB-B458F9F2FDCB}"
EndProject
Global
	GlobalSection(SolutionConfigurationPlatforms) = preSolution
		Debug|Any CPU = Debug|Any CPU
		Release|Any CPU = Release|Any CPU
	EndGlobalSection
	GlobalSection(ProjectConfigurationPlatforms) = postSolution
		{98581FAB-DC0A-4545-9BF5-83C7687493A4}.Debug|Any CPU.ActiveCfg = Debug|Any CPU
		{98581FAB-DC0A-4545-9BF5-83C7687493A4}.Debug|Any CPU.Build.0 = Debug|Any CPU
		{98581FAB-DC0A-4545-9BF5-83C7687493A4}.Release|Any CPU.ActiveCfg = Release|Any CPU
		{98581FAB-DC0A-4545-9BF5-83C7687493A4}.Release|Any CPU.Build.0 = Release|Any CPU
		{B908468E-1116-41DF-9AAB-B458F9F2FDCB}.Debug|Any CPU.ActiveCfg = Debug|Any CPU
		{B908468E-1116-41DF-9AAB-B458F9F2FDCB}.Debug|Any CPU.Build.0 = Debug|Any CPU
		{B908468E-1116-41DF-9AAB-B458F9F2FDCB}.Release|Any CPU.ActiveCfg = Release|Any CPU
		{B908468E-1116-41DF-9AAB-B458F9F2FDCB}.Release|Any CPU.Build.0 = Release|Any CPU
	EndGlobalSection
	GlobalSection(SolutionProperties) = preSolution
		HideSolutionNode = FALSE
	EndGlobalSection
	GlobalSection(ExtensibilityGlobals) = postSolution
		SolutionGuid = {AE826881-0C7B-4C2A-BFE0-24737FC85521}
	EndGlobalSection
EndGlobal
